{
  "name": "bidirectional-type-checker",
  "requires": true,
  "lockfileVersion": 1,
  "dependencies": {
    "bs-platform": {
      "version": "7.3.1",
      "resolved": "http://localhost:4873/bs-platform/-/bs-platform-7.3.1.tgz",
      "integrity": "sha512-RlQexm6i2gMKsfuHL8IcOHN0R/SQgxiurP96fo2nj71QgQQRh332ahOwIl0p0yNl9DH2Tg7ZV2pjG6MMMkaU6w==",
      "dev": true
    }
  }
}
